
Microsoft Visual Studio Solution File, Format Version 12.00
# Visual Studio Version 17
VisualStudioVersion = 17.0.31903.59
MinimumVisualStudioVersion = 10.0.40219.1
Project("{FAE04EC0-301F-11D3-BF4B-00C04F79EFBC}") = "Chasing-Rain.Domain", "Chasing-Rain.Domain\Chasing-Rain.Domain.csproj", "{3CCEAFE4-3D2E-4456-8651-12C1B8798AB9}"
EndProject
Project("{FAE04EC0-301F-11D3-BF4B-00C04F79EFBC}") = "Chasing-Rain.Api", "Chasing-Rain.Api\Chasing-Rain.Api.csproj", "{36AB128D-31DA-4D82-AA0F-A1EB515AA8B5}"
EndProject
Global
	GlobalSection(SolutionConfigurationPlatforms) = preSolution
		Debug|Any CPU = Debug|Any CPU
		Release|Any CPU = Release|Any CPU
	EndGlobalSection
	GlobalSection(SolutionProperties) = preSolution
		HideSolutionNode = FALSE
	EndGlobalSection
	GlobalSection(ProjectConfigurationPlatforms) = postSolution
		{3CCEAFE4-3D2E-4456-8651-12C1B8798AB9}.Debug|Any CPU.ActiveCfg = Debug|Any CPU
		{3CCEAFE4-3D2E-4456-8651-12C1B8798AB9}.Debug|Any CPU.Build.0 = Debug|Any CPU
		{3CCEAFE4-3D2E-4456-8651-12C1B8798AB9}.Release|Any CPU.ActiveCfg = Release|Any CPU
		{3CCEAFE4-3D2E-4456-8651-12C1B8798AB9}.Release|Any CPU.Build.0 = Release|Any CPU
		{36AB128D-31DA-4D82-AA0F-A1EB515AA8B5}.Debug|Any CPU.ActiveCfg = Debug|Any CPU
		{36AB128D-31DA-4D82-AA0F-A1EB515AA8B5}.Debug|Any CPU.Build.0 = Debug|Any CPU
		{36AB128D-31DA-4D82-AA0F-A1EB515AA8B5}.Release|Any CPU.ActiveCfg = Release|Any CPU
		{36AB128D-31DA-4D82-AA0F-A1EB515AA8B5}.Release|Any CPU.Build.0 = Release|Any CPU
	EndGlobalSection
EndGlobal
